
Microsoft Visual Studio Solution File, Format Version 12.00
# Visual Studio Version 17
VisualStudioVersion = 17.0.32014.148
MinimumVisualStudioVersion = 10.0.40219.1
Project("{FAE04EC0-301F-11D3-BF4B-00C04F79EFBC}") = "Gartner", "Gartner\Gartner.csproj", "{FFC18D6F-24B3-469C-8E52-5E186856A54F}"
EndProject
Project("{FAE04EC0-301F-11D3-BF4B-00C04F79EFBC}") = "InterfaceLayer", "Interfaces\InterfaceLayer.csproj", "{916A3E26-59C8-479C-899C-043DAFC34245}"
EndProject
Project("{FAE04EC0-301F-11D3-BF4B-00C04F79EFBC}") = "BusinessLayer", "BusinessClasses\BusinessLayer.csproj", "{059299CB-F22B-4537-83D0-7236D8016A94}"
EndProject
Project("{FAE04EC0-301F-11D3-BF4B-00C04F79EFBC}") = "EntityLayer", "EntityLayer\EntityLayer.csproj", "{37031756-DF12-47C2-AD35-F2D5E798A2A3}"
EndProject
Project("{FAE04EC0-301F-11D3-BF4B-00C04F79EFBC}") = "UnitTest", "UnitTest\UnitTest.csproj", "{295DB63F-71D3-4CA4-9A17-C84BCB174004}"
EndProject
Global
	GlobalSection(SolutionConfigurationPlatforms) = preSolution
		Debug|Any CPU = Debug|Any CPU
		Release|Any CPU = Release|Any CPU
	EndGlobalSection
	GlobalSection(ProjectConfigurationPlatforms) = postSolution
		{FFC18D6F-24B3-469C-8E52-5E186856A54F}.Debug|Any CPU.ActiveCfg = Debug|Any CPU
		{FFC18D6F-24B3-469C-8E52-5E186856A54F}.Debug|Any CPU.Build.0 = Debug|Any CPU
		{FFC18D6F-24B3-469C-8E52-5E186856A54F}.Release|Any CPU.ActiveCfg = Release|Any CPU
		{FFC18D6F-24B3-469C-8E52-5E186856A54F}.Release|Any CPU.Build.0 = Release|Any CPU
		{916A3E26-59C8-479C-899C-043DAFC34245}.Debug|Any CPU.ActiveCfg = Debug|Any CPU
		{916A3E26-59C8-479C-899C-043DAFC34245}.Debug|Any CPU.Build.0 = Debug|Any CPU
		{916A3E26-59C8-479C-899C-043DAFC34245}.Release|Any CPU.ActiveCfg = Release|Any CPU
		{916A3E26-59C8-479C-899C-043DAFC34245}.Release|Any CPU.Build.0 = Release|Any CPU
		{059299CB-F22B-4537-83D0-7236D8016A94}.Debug|Any CPU.ActiveCfg = Debug|Any CPU
		{059299CB-F22B-4537-83D0-7236D8016A94}.Debug|Any CPU.Build.0 = Debug|Any CPU
		{059299CB-F22B-4537-83D0-7236D8016A94}.Release|Any CPU.ActiveCfg = Release|Any CPU
		{059299CB-F22B-4537-83D0-7236D8016A94}.Release|Any CPU.Build.0 = Release|Any CPU
		{37031756-DF12-47C2-AD35-F2D5E798A2A3}.Debug|Any CPU.ActiveCfg = Debug|Any CPU
		{37031756-DF12-47C2-AD35-F2D5E798A2A3}.Debug|Any CPU.Build.0 = Debug|Any CPU
		{37031756-DF12-47C2-AD35-F2D5E798A2A3}.Release|Any CPU.ActiveCfg = Release|Any CPU
		{37031756-DF12-47C2-AD35-F2D5E798A2A3}.Release|Any CPU.Build.0 = Release|Any CPU
		{295DB63F-71D3-4CA4-9A17-C84BCB174004}.Debug|Any CPU.ActiveCfg = Debug|Any CPU
		{295DB63F-71D3-4CA4-9A17-C84BCB174004}.Debug|Any CPU.Build.0 = Debug|Any CPU
		{295DB63F-71D3-4CA4-9A17-C84BCB174004}.Release|Any CPU.ActiveCfg = Release|Any CPU
		{295DB63F-71D3-4CA4-9A17-C84BCB174004}.Release|Any CPU.Build.0 = Release|Any CPU
	EndGlobalSection
	GlobalSection(SolutionProperties) = preSolution
		HideSolutionNode = FALSE
	EndGlobalSection
	GlobalSection(ExtensibilityGlobals) = postSolution
		SolutionGuid = {1DCC76D9-FDFE-4151-988E-3D32B1C3F65F}
	EndGlobalSection
EndGlobal
